// !$*UTF8*$!
{
	archiveVersion = 1;
	classes = {
	};
	objectVersion = 46;
	objects = {

/* Begin PBXBuildFile section */
		04DEBFBBA9F65BBC6CE9B6AC /* Pods.framework in Frameworks */ = {isa = PBXBuildFile; fileRef = A56542428318FBE58889AD55 /* Pods.framework */; };
		7E9105C61C69E57500AA145A /* PushHelper.swift in Sources */ = {isa = PBXBuildFile; fileRef = 7E9105C31C69E57500AA145A /* PushHelper.swift */; };
		7EA32E191C69A2C600BBC179 /* AppDelegate.swift in Sources */ = {isa = PBXBuildFile; fileRef = 7EA32E181C69A2C600BBC179 /* AppDelegate.swift */; };
		7EA32E1B1C69A2C600BBC179 /* ViewController.swift in Sources */ = {isa = PBXBuildFile; fileRef = 7EA32E1A1C69A2C600BBC179 /* ViewController.swift */; };
		7EA32E1E1C69A2C600BBC179 /* Main.storyboard in Resources */ = {isa = PBXBuildFile; fileRef = 7EA32E1C1C69A2C600BBC179 /* Main.storyboard */; };
		7EA32E201C69A2C600BBC179 /* Assets.xcassets in Resources */ = {isa = PBXBuildFile; fileRef = 7EA32E1F1C69A2C600BBC179 /* Assets.xcassets */; };
		7EA32E231C69A2C600BBC179 /* LaunchScreen.storyboard in Resources */ = {isa = PBXBuildFile; fileRef = 7EA32E211C69A2C600BBC179 /* LaunchScreen.storyboard */; };
/* End PBXBuildFile section */

/* Begin PBXCopyFilesBuildPhase section */
		7E9105EF1C69EE8F00AA145A /* Embed Frameworks */ = {
			isa = PBXCopyFilesBuildPhase;
			buildActionMask = 2147483647;
			dstPath = "";
			dstSubfolderSpec = 10;
			files = (
			);
			name = "Embed Frameworks";
			runOnlyForDeploymentPostprocessing = 0;
		};
/* End PBXCopyFilesBuildPhase section */

/* Begin PBXFileReference section */
		24E848A71DCBF8A980D63036 /* Pods.debug.xcconfig */ = {isa = PBXFileReference; includeInIndex = 1; lastKnownFileType = text.xcconfig; name = Pods.debug.xcconfig; path = "Pods/Target Support Files/Pods/Pods.debug.xcconfig"; sourceTree = "<group>"; };
		3EA87F469F9E2ADCD6854998 /* Pods.release.xcconfig */ = {isa = PBXFileReference; includeInIndex = 1; lastKnownFileType = text.xcconfig; name = Pods.release.xcconfig; path = "Pods/Target Support Files/Pods/Pods.release.xcconfig"; sourceTree = "<group>"; };
		7E9105C31C69E57500AA145A /* PushHelper.swift */ = {isa = PBXFileReference; fileEncoding = 4; lastKnownFileType = sourcecode.swift; name = PushHelper.swift; path = ../PushHelper.swift; sourceTree = "<group>"; };
		7E9105C91C69E6BD00AA145A /* Alamofire.framework */ = {isa = PBXFileReference; lastKnownFileType = wrapper.framework; name = Alamofire.framework; path = "Pods/../build/Debug-iphoneos/Alamofire.framework"; sourceTree = "<group>"; };
		7E9105D11C69EE1100AA145A /* Alamofire.framework */ = {isa = PBXFileReference; lastKnownFileType = wrapper.framework; name = Alamofire.framework; path = "../../CandraLatihanIos/CandraLagiIseng/Alamofire/build/Debug-iphoneos/Alamofire.framework"; sourceTree = "<group>"; };
		7EA32E151C69A2C600BBC179 /* push.app */ = {isa = PBXFileReference; explicitFileType = wrapper.application; includeInIndex = 0; path = push.app; sourceTree = BUILT_PRODUCTS_DIR; };
		7EA32E181C69A2C600BBC179 /* AppDelegate.swift */ = {isa = PBXFileReference; lastKnownFileType = sourcecode.swift; path = AppDelegate.swift; sourceTree = "<group>"; };
		7EA32E1A1C69A2C600BBC179 /* ViewController.swift */ = {isa = PBXFileReference; lastKnownFileType = sourcecode.swift; path = ViewController.swift; sourceTree = "<group>"; };
		7EA32E1D1C69A2C600BBC179 /* Base */ = {isa = PBXFileReference; lastKnownFileType = file.storyboard; name = Base; path = Base.lproj/Main.storyboard; sourceTree = "<group>"; };
		7EA32E1F1C69A2C600BBC179 /* Assets.xcassets */ = {isa = PBXFileReference; lastKnownFileType = folder.assetcatalog; path = Assets.xcassets; sourceTree = "<group>"; };
		7EA32E221C69A2C600BBC179 /* Base */ = {isa = PBXFileReference; lastKnownFileType = file.storyboard; name = Base; path = Base.lproj/LaunchScreen.storyboard; sourceTree = "<group>"; };
		7EA32E241C69A2C600BBC179 /* Info.plist */ = {isa = PBXFileReference; lastKnownFileType = text.plist.xml; path = Info.plist; sourceTree = "<group>"; };
		7EA32E2A1C69A30300BBC179 /* Push_Development.mobileprovision */ = {isa = PBXFileReference; lastKnownFileType = file; path = Push_Development.mobileprovision; sourceTree = "<group>"; };
		A56542428318FBE58889AD55 /* Pods.framework */ = {isa = PBXFileReference; explicitFileType = wrapper.framework; includeInIndex = 0; path = Pods.framework; sourceTree = BUILT_PRODUCTS_DIR; };
/* End PBXFileReference section */

/* Begin PBXFrameworksBuildPhase section */
		7EA32E121C69A2C600BBC179 /* Frameworks */ = {
			isa = PBXFrameworksBuildPhase;
			buildActionMask = 2147483647;
			files = (
				04DEBFBBA9F65BBC6CE9B6AC /* Pods.framework in Frameworks */,
			);
			runOnlyForDeploymentPostprocessing = 0;
		};
/* End PBXFrameworksBuildPhase section */

/* Begin PBXGroup section */
		0D9B12F64F17F51211924AA0 /* Pods */ = {
			isa = PBXGroup;
			children = (
				24E848A71DCBF8A980D63036 /* Pods.debug.xcconfig */,
				3EA87F469F9E2ADCD6854998 /* Pods.release.xcconfig */,
			);
			name = Pods;
			sourceTree = "<group>";
		};
		3B11AE9802BF57CA98A47083 /* Frameworks */ = {
			isa = PBXGroup;
			children = (
				7E9105D11C69EE1100AA145A /* Alamofire.framework */,
				7E9105C91C69E6BD00AA145A /* Alamofire.framework */,
				A56542428318FBE58889AD55 /* Pods.framework */,
			);
			name = Frameworks;
			sourceTree = "<group>";
		};
		7EA32E0C1C69A2C600BBC179 = {
			isa = PBXGroup;
			children = (
				7EA32E171C69A2C600BBC179 /* push */,
				7EA32E161C69A2C600BBC179 /* Products */,
				0D9B12F64F17F51211924AA0 /* Pods */,
				3B11AE9802BF57CA98A47083 /* Frameworks */,
			);
			sourceTree = "<group>";
		};
		7EA32E161C69A2C600BBC179 /* Products */ = {
			isa = PBXGroup;
			children = (
				7EA32E151C69A2C600BBC179 /* push.app */,
			);
			name = Products;
			sourceTree = "<group>";
		};
		7EA32E171C69A2C600BBC179 /* push */ = {
			isa = PBXGroup;
			children = (
				7E9105C31C69E57500AA145A /* PushHelper.swift */,
				7EA32E181C69A2C600BBC179 /* AppDelegate.swift */,
				7EA32E1A1C69A2C600BBC179 /* ViewController.swift */,
				7EA32E1C1C69A2C600BBC179 /* Main.storyboard */,
				7EA32E1F1C69A2C600BBC179 /* Assets.xcassets */,
				7EA32E211C69A2C600BBC179 /* LaunchScreen.storyboard */,
				7EA32E241C69A2C600BBC179 /* Info.plist */,
				7EA32E2A1C69A30300BBC179 /* Push_Development.mobileprovision */,
			);
			path = push;
			sourceTree = "<group>";
		};
/* End PBXGroup section */

/* Begin PBXNativeTarget section */
		7EA32E141C69A2C600BBC179 /* push */ = {
			isa = PBXNativeTarget;
			buildConfigurationList = 7EA32E271C69A2C600BBC179 /* Build configuration list for PBXNativeTarget "push" */;
			buildPhases = (
				DE7E63798AE8738D5505389E /* Check Pods Manifest.lock */,
				7EA32E111C69A2C600BBC179 /* Sources */,
				7EA32E121C69A2C600BBC179 /* Frameworks */,
				7EA32E131C69A2C600BBC179 /* Resources */,
				A9A63F4F5D57E7C819DDD8EA /* Embed Pods Frameworks */,
				5B8B1F0210E00CC3E20FB9DD /* Copy Pods Resources */,
				7E9105EF1C69EE8F00AA145A /* Embed Frameworks */,
			);
			buildRules = (
			);
			dependencies = (
			);
			name = push;
			productName = push;
			productReference = 7EA32E151C69A2C600BBC179 /* push.app */;
			productType = "com.apple.product-type.application";
		};
/* End PBXNativeTarget section */

/* Begin PBXProject section */
		7EA32E0D1C69A2C600BBC179 /* Project object */ = {
			isa = PBXProject;
			attributes = {
				LastSwiftUpdateCheck = 0720;
				LastUpgradeCheck = 0720;
				ORGANIZATIONNAME = easypush;
				TargetAttributes = {
					7EA32E141C69A2C600BBC179 = {
						CreatedOnToolsVersion = 7.2.1;
						DevelopmentTeam = 6BDLU8QY97;
					};
				};
			};
			buildConfigurationList = 7EA32E101C69A2C600BBC179 /* Build configuration list for PBXProject "push" */;
			compatibilityVersion = "Xcode 3.2";
			developmentRegion = English;
			hasScannedForEncodings = 0;
			knownRegions = (
				en,
				Base,
			);
			mainGroup = 7EA32E0C1C69A2C600BBC179;
			productRefGroup = 7EA32E161C69A2C600BBC179 /* Products */;
			projectDirPath = "";
			projectRoot = "";
			targets = (
				7EA32E141C69A2C600BBC179 /* push */,
			);
		};
/* End PBXProject section */

/* Begin PBXResourcesBuildPhase section */
		7EA32E131C69A2C600BBC179 /* Resources */ = {
			isa = PBXResourcesBuildPhase;
			buildActionMask = 2147483647;
			files = (
				7EA32E231C69A2C600BBC179 /* LaunchScreen.storyboard in Resources */,
				7EA32E201C69A2C600BBC179 /* Assets.xcassets in Resources */,
				7EA32E1E1C69A2C600BBC179 /* Main.storyboard in Resources */,
			);
			runOnlyForDeploymentPostprocessing = 0;
		};
/* End PBXResourcesBuildPhase section */

/* Begin PBXShellScriptBuildPhase section */
		5B8B1F0210E00CC3E20FB9DD /* Copy Pods Resources */ = {
			isa = PBXShellScriptBuildPhase;
			buildActionMask = 2147483647;
			files = (
			);
			inputPaths = (
			);
			name = "Copy Pods Resources";
			outputPaths = (
			);
			runOnlyForDeploymentPostprocessing = 0;
			shellPath = /bin/sh;
			shellScript = "\"${SRCROOT}/Pods/Target Support Files/Pods/Pods-resources.sh\"\n";
			showEnvVarsInLog = 0;
		};
		A9A63F4F5D57E7C819DDD8EA /* Embed Pods Frameworks */ = {
			isa = PBXShellScriptBuildPhase;
			buildActionMask = 2147483647;
			files = (
			);
			inputPaths = (
			);
			name = "Embed Pods Frameworks";
			outputPaths = (
			);
			runOnlyForDeploymentPostprocessing = 0;
			shellPath = /bin/sh;
			shellScript = "\"${SRCROOT}/Pods/Target Support Files/Pods/Pods-frameworks.sh\"\n";
			showEnvVarsInLog = 0;
		};
		DE7E63798AE8738D5505389E /* Check Pods Manifest.lock */ = {
			isa = PBXShellScriptBuildPhase;
			buildActionMask = 2147483647;
			files = (
			);
			inputPaths = (
			);
			name = "Check Pods Manifest.lock";
			outputPaths = (
			);
			runOnlyForDeploymentPostprocessing = 0;
			shellPath = /bin/sh;
			shellScript = "diff \"${PODS_ROOT}/../Podfile.lock\" \"${PODS_ROOT}/Manifest.lock\" > /dev/null\nif [[ $? != 0 ]] ; then\n    cat << EOM\nerror: The sandbox is not in sync with the Podfile.lock. Run 'pod install' or update your CocoaPods installation.\nEOM\n    exit 1\nfi\n";
			showEnvVarsInLog = 0;
		};
/* End PBXShellScriptBuildPhase section */

/* Begin PBXSourcesBuildPhase section */
		7EA32E111C69A2C600BBC179 /* Sources */ = {
			isa = PBXSourcesBuildPhase;
			buildActionMask = 2147483647;
			files = (
				7E9105C61C69E57500AA145A /* PushHelper.swift in Sources */,
				7EA32E1B1C69A2C600BBC179 /* ViewController.swift in Sources */,
				7EA32E191C69A2C600BBC179 /* AppDelegate.swift in Sources */,
			);
			runOnlyForDeploymentPostprocessing = 0;
		};
/* End PBXSourcesBuildPhase section */

/* Begin PBXVariantGroup section */
		7EA32E1C1C69A2C600BBC179 /* Main.storyboard */ = {
			isa = PBXVariantGroup;
			children = (
				7EA32E1D1C69A2C600BBC179 /* Base */,
			);
			name = Main.storyboard;
			sourceTree = "<group>";
		};
		7EA32E211C69A2C600BBC179 /* LaunchScreen.storyboard */ = {
			isa = PBXVariantGroup;
			children = (
				7EA32E221C69A2C600BBC179 /* Base */,
			);
			name = LaunchScreen.storyboard;
			sourceTree = "<group>";
		};
/* End PBXVariantGroup section */

/* Begin XCBuildConfiguration section */
		7EA32E251C69A2C600BBC179 /* Debug */ = {
			isa = XCBuildConfiguration;
			buildSettings = {
				ALWAYS_SEARCH_USER_PATHS = NO;
				CLANG_CXX_LANGUAGE_STANDARD = "gnu++0x";
				CLANG_CXX_LIBRARY = "libc++";
				CLANG_ENABLE_MODULES = YES;
				CLANG_ENABLE_OBJC_ARC = YES;
				CLANG_WARN_BOOL_CONVERSION = YES;
				CLANG_WARN_CONSTANT_CONVERSION = YES;
				CLANG_WARN_DIRECT_OBJC_ISA_USAGE = YES_ERROR;
				CLANG_WARN_EMPTY_BODY = YES;
				CLANG_WARN_ENUM_CONVERSION = YES;
				CLANG_WARN_INT_CONVERSION = YES;
				CLANG_WARN_OBJC_ROOT_CLASS = YES_ERROR;
				CLANG_WARN_UNREACHABLE_CODE = YES;
				CLANG_WARN__DUPLICATE_METHOD_MATCH = YES;
				"CODE_SIGN_IDENTITY[sdk=iphoneos*]" = "iPhone Developer";
				COPY_PHASE_STRIP = NO;
				DEBUG_INFORMATION_FORMAT = dwarf;
				ENABLE_STRICT_OBJC_MSGSEND = YES;
				ENABLE_TESTABILITY = YES;
				GCC_C_LANGUAGE_STANDARD = gnu99;
				GCC_DYNAMIC_NO_PIC = NO;
				GCC_NO_COMMON_BLOCKS = YES;
				GCC_OPTIMIZATION_LEVEL = 0;
				GCC_PREPROCESSOR_DEFINITIONS = (
					"DEBUG=1",
					"$(inherited)",
				);
				GCC_WARN_64_TO_32_BIT_CONVERSION = YES;
				GCC_WARN_ABOUT_RETURN_TYPE = YES_ERROR;
				GCC_WARN_UNDECLARED_SELECTOR = YES;
				GCC_WARN_UNINITIALIZED_AUTOS = YES_AGGRESSIVE;
				GCC_WARN_UNUSED_FUNCTION = YES;
				GCC_WARN_UNUSED_VARIABLE = YES;
				IPHONEOS_DEPLOYMENT_TARGET = 9.2;
				MTL_ENABLE_DEBUG_INFO = YES;
				ONLY_ACTIVE_ARCH = YES;
				SDKROOT = iphoneos;
				SWIFT_OPTIMIZATION_LEVEL = "-Onone";
			};
			name = Debug;
		};
		7EA32E261C69A2C600BBC179 /* Release */ = {
			isa = XCBuildConfiguration;
			buildSettings = {
				ALWAYS_SEARCH_USER_PATHS = NO;
				CLANG_CXX_LANGUAGE_STANDARD = "gnu++0x";
				CLANG_CXX_LIBRARY = "libc++";
				CLANG_ENABLE_MODULES = YES;
				CLANG_ENABLE_OBJC_ARC = YES;
				CLANG_WARN_BOOL_CONVERSION = YES;
				CLANG_WARN_CONSTANT_CONVERSION = YES;
				CLANG_WARN_DIRECT_OBJC_ISA_USAGE = YES_ERROR;
				CLANG_WARN_EMPTY_BODY = YES;
				CLANG_WARN_ENUM_CONVERSION = YES;
				CLANG_WARN_INT_CONVERSION = YES;
				CLANG_WARN_OBJC_ROOT_CLASS = YES_ERROR;
				CLANG_WARN_UNREACHABLE_CODE = YES;
				CLANG_WARN__DUPLICATE_METHOD_MATCH = YES;
				"CODE_SIGN_IDENTITY[sdk=iphoneos*]" = "iPhone Developer";
				COPY_PHASE_STRIP = NO;
				DEBUG_INFORMATION_FORMAT = "dwarf-with-dsym";
				ENABLE_NS_ASSERTIONS = NO;
				ENABLE_STRICT_OBJC_MSGSEND = YES;
				GCC_C_LANGUAGE_STANDARD = gnu99;
				GCC_NO_COMMON_BLOCKS = YES;
				GCC_WARN_64_TO_32_BIT_CONVERSION = YES;
				GCC_WARN_ABOUT_RETURN_TYPE = YES_ERROR;
				GCC_WARN_UNDECLARED_SELECTOR = YES;
				GCC_WARN_UNINITIALIZED_AUTOS = YES_AGGRESSIVE;
				GCC_WARN_UNUSED_FUNCTION = YES;
				GCC_WARN_UNUSED_VARIABLE = YES;
				IPHONEOS_DEPLOYMENT_TARGET = 9.2;
				MTL_ENABLE_DEBUG_INFO = NO;
				SDKROOT = iphoneos;
				VALIDATE_PRODUCT = YES;
			};
			name = Release;
		};
		7EA32E281C69A2C600BBC179 /* Debug */ = {
			isa = XCBuildConfiguration;
			baseConfigurationReference = 24E848A71DCBF8A980D63036 /* Pods.debug.xcconfig */;
			buildSettings = {
				ASSETCATALOG_COMPILER_APPICON_NAME = AppIcon;
				CODE_SIGN_IDENTITY = "iPhone Developer";
				"CODE_SIGN_IDENTITY[sdk=iphoneos*]" = "iPhone Developer";
				EMBEDDED_CONTENT_CONTAINS_SWIFT = YES;
				FRAMEWORK_SEARCH_PATHS = (
					"$(inherited)",
					"$(PROJECT_DIR)/build/Debug-iphoneos",
				);
				GENERATE_PROFILING_CODE = YES;
				INFOPLIST_FILE = push/Info.plist;
				IPHONEOS_DEPLOYMENT_TARGET = 8.0;
				LD_RUNPATH_SEARCH_PATHS = "$(inherited) @executable_path/Frameworks";
				PRECOMPS_INCLUDE_HEADERS_FROM_BUILT_PRODUCTS_DIR = NO;
				PRODUCT_BUNDLE_IDENTIFIER = com.easypush.push;
				PRODUCT_NAME = "$(TARGET_NAME)";
				PROVISIONING_PROFILE = "";
			};
			name = Debug;
		};
		7EA32E291C69A2C600BBC179 /* Release */ = {
			isa = XCBuildConfiguration;
			baseConfigurationReference = 3EA87F469F9E2ADCD6854998 /* Pods.release.xcconfig */;
			buildSettings = {
				ASSETCATALOG_COMPILER_APPICON_NAME = AppIcon;
				CODE_SIGN_IDENTITY = "iPhone Developer";
				"CODE_SIGN_IDENTITY[sdk=iphoneos*]" = "iPhone Developer";
				EMBEDDED_CONTENT_CONTAINS_SWIFT = YES;
				FRAMEWORK_SEARCH_PATHS = (
					"$(inherited)",
					"$(PROJECT_DIR)/build/Debug-iphoneos",
				);
				GENERATE_PROFILING_CODE = YES;
				INFOPLIST_FILE = push/Info.plist;
				IPHONEOS_DEPLOYMENT_TARGET = 8.0;
				LD_RUNPATH_SEARCH_PATHS = "$(inherited) @executable_path/Frameworks";
				PRECOMPS_INCLUDE_HEADERS_FROM_BUILT_PRODUCTS_DIR = NO;
				PRODUCT_BUNDLE_IDENTIFIER = com.easypush.push;
				PRODUCT_NAME = "$(TARGET_NAME)";
				PROVISIONING_PROFILE = "";
			};
			name = Release;
		};
/* End XCBuildConfiguration section */

/* Begin XCConfigurationList section */
		7EA32E101C69A2C600BBC179 /* Build configuration list for PBXProject "push" */ = {
			isa = XCConfigurationList;
			buildConfigurations = (
				7EA32E251C69A2C600BBC179 /* Debug */,
				7EA32E261C69A2C600BBC179 /* Release */,
			);
			defaultConfigurationIsVisible = 0;
			defaultConfigurationName = Release;
		};
		7EA32E271C69A2C600BBC179 /* Build configuration list for PBXNativeTarget "push" */ = {
			isa = XCConfigurationList;
			buildConfigurations = (
				7EA32E281C69A2C600BBC179 /* Debug */,
				7EA32E291C69A2C600BBC179 /* Release */,
			);
			defaultConfigurationIsVisible = 0;
			defaultConfigurationName = Release;
		};
/* End XCConfigurationList section */
	};
	rootObject = 7EA32E0D1C69A2C600BBC179 /* Project object */;
}
